PODS:
  - Alamofire (5.4.1)
  - IQKeyboardManagerSwift (6.5.6)

DEPENDENCIES:
  - Alamofire
  - IQKeyboardManagerSwift

SPEC REPOS:
  trunk:
    - Alamofire
    - IQKeyboardManagerSwift

SPEC CHECKSUMS:
  Alamofire: 2291f7d21ca607c491dd17642e5d40fdcda0e65c
  IQKeyboardManagerSwift: c7df9d2deb356c04522f5c4b7b6e4ce4d8ed94fe

PODFILE CHECKSUM: 169a556beb288938137be4014c9ff20bc3bc0d83

COCOAPODS: 1.10.1
